<?xml version="1.0" encoding="utf-8"?>
<Project ToolsVersion="4.0" xmlns="http://schemas.microsoft.com/developer/msbuild/2003">
  <ItemGroup>
    <ClCompile Include="Sources\NelLib.cpp" />
    <ClCompile Include="Sources\System\window.cpp" />
    <ClCompile Include="Sources\DirectX\Renderer.cpp" />
    <ClCompile Include="Sources\DirectX\Texture.cpp" />
    <ClCompile Include="Sources\DirectX\Shader.cpp" />
    <ClCompile Include="Sources\DirectX\MeshBuffer.cpp" />
    <ClCompile Include="Sources\DirectX\Sprite.cpp" />
    <ClCompile Include="Sources\System\VECTOR.cpp" />
    <ClCompile Include="Sources\System\let.cpp" />
    <ClCompile Include="Sources\System\mathUtil.cpp" />
    <ClCompile Include="Sources\System\_geometory.cpp" />
    <ClCompile Include="Sources\System\Geometory.cpp" />
    <ClCompile Include="Sources\System\Input.cpp" />
    <ClCompile Include="Sources\System\Model.cpp" />
    <ClCompile Include="Sources\System\_model.cpp" />
    <ClCompile Include="Sources\Objects\Object.cpp" />
    <ClCompile Include="Sources\Managers\ObjectsManager.cpp" />
    <ClCompile Include="Sources\Objects\Camera\CameraBase.cpp" />
    <ClCompile Include="Sources\Objects\Camera\CameraDebug.cpp" />
    <ClCompile Include="Sources\Managers\TimeManger.cpp" />
    <ClCompile Include="Sources\Managers\CameraManager.cpp" />
    <ClCompile Include="Sources\Managers\TextureManager.cpp" />
    <ClCompile Include="Sources\Components\SpriteComponent.cpp" />
    <ClCompile Include="Sources\Components\TransformComponent.cpp" />
    <ClCompile Include="Sources\Objects\Camera\CameraUI.cpp" />
    <ClCompile Include="Sources\System\QUATERNION.cpp" />
    <ClCompile Include="Sources\Managers\SceneManager.cpp" />
    <ClCompile Include="Sources\System\Scenes\Scene.cpp" />
    <ClCompile Include="Sources\Objects\Camera\CameraPlayer.cpp" />
  </ItemGroup>
  <ItemGroup>
    <ClInclude Include="Sources\NelLib.h" />
    <ClInclude Include="Sources\System\window.h" />
    <ClInclude Include="Sources\System\common.h" />
    <ClInclude Include="Sources\DirectX\Renderer.h" />
    <ClInclude Include="Sources\DirectX\Texture.h" />
    <ClInclude Include="Sources\DirectX\Shader.h" />
    <ClInclude Include="Sources\DirectX\MeshBuffer.h" />
    <ClInclude Include="Sources\DirectX\Sprite.h" />
    <ClInclude Include="Sources\DirectX\VERTEX.h" />
    <ClInclude Include="Sources\DirectX\VERTEX_BUFFER.h" />
    <ClInclude Include="Sources\System\VECTOR.h" />
    <ClInclude Include="Sources\System\mathUtil.h" />
    <ClInclude Include="Sources\System\let.h" />
    <ClInclude Include="Sources\System\QUATERNION.h" />
    <ClInclude Include="Sources\System\Geometory.h" />
    <ClInclude Include="Sources\System\Input.h" />
    <ClInclude Include="Sources\System\Model.h" />
    <ClInclude Include="Sources\Managers\ObjectsManager.h" />
    <ClInclude Include="Sources\Objects\Object.h" />
    <ClInclude Include="Sources\Components\Component.h" />
    <ClInclude Include="Sources\System\Macro.h" />
    <ClInclude Include="Sources\Objects\Camera\CameraBase.h" />
    <ClInclude Include="Sources\Objects\Camera\CameraDebug.h" />
    <ClInclude Include="Sources\Managers\TimeManger.h" />
    <ClInclude Include="Sources\Managers\CameraManager.h" />
    <ClInclude Include="Sources\System\Singleton.h" />
    <ClInclude Include="Sources\Managers\TextureManager.h" />
    <ClInclude Include="Sources\Components\SpriteComponent.h" />
    <ClInclude Include="Sources\Components\TransformComponent.h" />
    <ClInclude Include="Sources\Objects\Camera\CameraUI.h" />
    <ClInclude Include="Sources\Managers\SceneManager.h" />
    <ClInclude Include="Sources\System\Scenes\Scene.h" />
    <ClInclude Include="Sources\Objects\Camera\CameraPlayer.h" />
  </ItemGroup>
  <ItemGroup>
    <None Include="Assets\Shader\VertexShader.cso" />
    <None Include="Assets\Shader\PixelShader.cso" />
  </ItemGroup>
  <ItemGroup>
    <FxCompile Include="Sources\HLSL\VS_Model.hlsl" />
  </ItemGroup>
</Project>