<?xml version="1.0" encoding="utf-8"?>
<Project ToolsVersion="4.0" xmlns="http://schemas.microsoft.com/developer/msbuild/2003">
  <ItemGroup>
    <ClCompile Include="Sources\NelApp.cpp" />
    <ClCompile Include="Sources\GameObjects\testObject.cpp" />
    <ClCompile Include="Sources\GameObjects\UI_testObject.cpp" />
  </ItemGroup>
  <ItemGroup>
    <ClInclude Include="Sources\NelApp.h" />
    <ClInclude Include="Sources\GameObjects\testObject.h" />
    <ClInclude Include="Sources\GameObjects\UI_testObject.h" />
  </ItemGroup>
</Project>