<?xml version="1.0" encoding="utf-8"?>
<Project ToolsVersion="4.0" xmlns="http://schemas.microsoft.com/developer/msbuild/2003">
  <ItemGroup>
    <ClCompile Include="Sources\NelApp.cpp" />
    <ClCompile Include="Sources\Field.cpp" />
    <ClCompile Include="Sources\TitleScene.cpp" />
    <ClCompile Include="Sources\GameScene.cpp" />
    <ClCompile Include="Sources\Player.cpp" />
    <ClCompile Include="Sources\TitleUI.cpp" />
  </ItemGroup>
  <ItemGroup>
    <ClInclude Include="Sources\NelApp.h" />
    <ClInclude Include="Sources\Field.h" />
    <ClInclude Include="Sources\GameScene.h" />
    <ClInclude Include="Sources\TitleScene.h" />
    <ClInclude Include="Sources\Player.h" />
    <ClInclude Include="Sources\TitleUI.h" />
  </ItemGroup>
</Project>